
Microsoft Visual Studio Solution File, Format Version 12.00
# Visual Studio Version 16
VisualStudioVersion = 16.0.29009.5
MinimumVisualStudioVersion = 10.0.40219.1
Project("{FAE04EC0-301F-11D3-BF4B-00C04F79EFBC}") = "Oofer", "Oofer\Oofer.csproj", "{08F66DE9-3F2E-404F-A129-DA3347D9FC5D}"
EndProject
Global
	GlobalSection(SolutionConfigurationPlatforms) = preSolution
		Debug|Any CPU = Debug|Any CPU
		Release|Any CPU = Release|Any CPU
	EndGlobalSection
	GlobalSection(ProjectConfigurationPlatforms) = postSolution
		{08F66DE9-3F2E-404F-A129-DA3347D9FC5D}.Debug|Any CPU.ActiveCfg = Debug|Any CPU
		{08F66DE9-3F2E-404F-A129-DA3347D9FC5D}.Debug|Any CPU.Build.0 = Debug|Any CPU
		{08F66DE9-3F2E-404F-A129-DA3347D9FC5D}.Release|Any CPU.ActiveCfg = Release|Any CPU
		{08F66DE9-3F2E-404F-A129-DA3347D9FC5D}.Release|Any CPU.Build.0 = Release|Any CPU
	EndGlobalSection
	GlobalSection(SolutionProperties) = preSolution
		HideSolutionNode = FALSE
	EndGlobalSection
	GlobalSection(ExtensibilityGlobals) = postSolution
		SolutionGuid = {B2CC12AE-21E9-4705-A943-42FDD39A631B}
	EndGlobalSection
EndGlobal
